# This file is autogenerated, do not edit; changes may be undone by the next 'dep ensure'.


[[projects]]
  name = "github.com/Sirupsen/logrus"
  packages = ["."]
  revision = "f006c2ac4710855cf0f916dd6b77acf6b048dc6e"
  version = "v1.0.3"

[[projects]]
  name = "github.com/k8s-community/handlers"
  packages = ["."]
  revision = "602d2bfca12c3b7d45c74ed67f3875a4468a82a4"
  version = "0.0.1"

[[projects]]
  name = "github.com/k8s-community/utils"
  packages = ["shutdown"]
  revision = "f2f61fbfdc7002ad21033e11b7cca6bbb43cd2f0"
  version = "0.0.2"

[[projects]]
  name = "github.com/takama/router"
  packages = ["."]
  revision = "0db9d28f71e2a29c7b82ea6a0851bb0dedeaf744"
  version = "0.6.5"

[[projects]]
  branch = "master"
  name = "golang.org/x/crypto"
  packages = ["ssh/terminal"]
  revision = "847319b7fc94cab682988f93da778204da164588"

[[projects]]
  branch = "master"
  name = "golang.org/x/sys"
  packages = ["unix","windows"]
  revision = "429f518978ab01db8bb6f44b66785088e7fba58b"

[solve-meta]
  analyzer-name = "dep"
  analyzer-version = 1
  inputs-digest = "e3b9fda58c1d19ec571098bb4322a08123f8a0cc39418aaeb1b04eb133f56cd4"
  solver-name = "gps-cdcl"
  solver-version = 1
